// !$*UTF8*$!
{
	archiveVersion = 1;
	classes = {
	};
	objectVersion = 46;
	objects = {

/* Begin PBXBuildFile section */
		E819785A1CA8A35A0058F709 /* UIImage+DownloadFrom.swift in Sources */ = {isa = PBXBuildFile; fileRef = E81978591CA8A35A0058F709 /* UIImage+DownloadFrom.swift */; };
		E81978601CA9883E0058F709 /* wembley.json in Resources */ = {isa = PBXBuildFile; fileRef = E819785F1CA9883E0058F709 /* wembley.json */; };
		E81978611CA98AEB0058F709 /* Avalon-Victoria.jpg in Resources */ = {isa = PBXBuildFile; fileRef = E86BDFB71C8759990054225C /* Avalon-Victoria.jpg */; };
		E81978621CA98AEB0058F709 /* Bali-Indonesia.jpg in Resources */ = {isa = PBXBuildFile; fileRef = E86BDFB81C8759990054225C /* Bali-Indonesia.jpg */; };
		E81978631CA98AEB0058F709 /* Marissa-SriLanka.jpg in Resources */ = {isa = PBXBuildFile; fileRef = E86BDFBA1C8759990054225C /* Marissa-SriLanka.jpg */; };
		E81978641CA98AEB0058F709 /* Paros-Greece.jpg in Resources */ = {isa = PBXBuildFile; fileRef = E86BDFBB1C8759990054225C /* Paros-Greece.jpg */; };
		E81978651CA98AEB0058F709 /* Santorini-Greece.jpg in Resources */ = {isa = PBXBuildFile; fileRef = E86BDFBC1C8759990054225C /* Santorini-Greece.jpg */; };
		E850D6B11CB0001B0076768F /* SettingsDetailViewController.swift in Sources */ = {isa = PBXBuildFile; fileRef = E850D6B01CB0001B0076768F /* SettingsDetailViewController.swift */; };
		E850D6B31CB032B20076768F /* SettingsDetailViewCell.swift in Sources */ = {isa = PBXBuildFile; fileRef = E850D6B21CB032B20076768F /* SettingsDetailViewCell.swift */; };
		E86BDF641C873C7D0054225C /* AppDelegate.swift in Sources */ = {isa = PBXBuildFile; fileRef = E86BDF631C873C7D0054225C /* AppDelegate.swift */; };
		E86BDF661C873C7D0054225C /* TableViewController.swift in Sources */ = {isa = PBXBuildFile; fileRef = E86BDF651C873C7D0054225C /* TableViewController.swift */; };
		E86BDF6B1C873C7D0054225C /* Assets.xcassets in Resources */ = {isa = PBXBuildFile; fileRef = E86BDF6A1C873C7D0054225C /* Assets.xcassets */; };
		E86BDF6E1C873C7D0054225C /* LaunchScreen.storyboard in Resources */ = {isa = PBXBuildFile; fileRef = E86BDF6C1C873C7D0054225C /* LaunchScreen.storyboard */; };
		E86BDF791C873C7D0054225C /* testTests.swift in Sources */ = {isa = PBXBuildFile; fileRef = E86BDF781C873C7D0054225C /* testTests.swift */; };
		E86BDF841C873C7D0054225C /* testUITests.swift in Sources */ = {isa = PBXBuildFile; fileRef = E86BDF831C873C7D0054225C /* testUITests.swift */; };
		E86BDF991C873F200054225C /* SightRateKit.h in Headers */ = {isa = PBXBuildFile; fileRef = E86BDF981C873F200054225C /* SightRateKit.h */; settings = {ATTRIBUTES = (Public, ); }; };
		E86BDFA01C873F200054225C /* SightRateKit.framework in Frameworks */ = {isa = PBXBuildFile; fileRef = E86BDF961C873F1F0054225C /* SightRateKit.framework */; };
		E86BDFA71C873F200054225C /* SightRateKitTests.swift in Sources */ = {isa = PBXBuildFile; fileRef = E86BDFA61C873F200054225C /* SightRateKitTests.swift */; };
		E86BDFAB1C873F200054225C /* SightRateKit.framework in Frameworks */ = {isa = PBXBuildFile; fileRef = E86BDF961C873F1F0054225C /* SightRateKit.framework */; };
		E86BDFAC1C873F200054225C /* SightRateKit.framework in Embed Frameworks */ = {isa = PBXBuildFile; fileRef = E86BDF961C873F1F0054225C /* SightRateKit.framework */; settings = {ATTRIBUTES = (CodeSignOnCopy, RemoveHeadersOnCopy, ); }; };
		E86BDFB51C873FD20054225C /* SightTileView.swift in Sources */ = {isa = PBXBuildFile; fileRef = E86BDFB41C873FD20054225C /* SightTileView.swift */; };
		E86BDFBD1C8759990054225C /* Avalon-Victoria.jpg in Resources */ = {isa = PBXBuildFile; fileRef = E86BDFB71C8759990054225C /* Avalon-Victoria.jpg */; };
		E86BDFBE1C8759990054225C /* Bali-Indonesia.jpg in Resources */ = {isa = PBXBuildFile; fileRef = E86BDFB81C8759990054225C /* Bali-Indonesia.jpg */; };
		E86BDFC01C8759990054225C /* Marissa-SriLanka.jpg in Resources */ = {isa = PBXBuildFile; fileRef = E86BDFBA1C8759990054225C /* Marissa-SriLanka.jpg */; };
		E86BDFC11C8759990054225C /* Paros-Greece.jpg in Resources */ = {isa = PBXBuildFile; fileRef = E86BDFBB1C8759990054225C /* Paros-Greece.jpg */; };
		E86BDFC21C8759990054225C /* Santorini-Greece.jpg in Resources */ = {isa = PBXBuildFile; fileRef = E86BDFBC1C8759990054225C /* Santorini-Greece.jpg */; };
		E879ECDB1CAB2D7A00FDB9DD /* globals.swift in Sources */ = {isa = PBXBuildFile; fileRef = E879ECDA1CAB2D7A00FDB9DD /* globals.swift */; };
		E879ECDC1CABEA1600FDB9DD /* GetTileImageOperation.swift in Sources */ = {isa = PBXBuildFile; fileRef = E81978661CA9988A0058F709 /* GetTileImageOperation.swift */; };
		E879ECDD1CABEA1900FDB9DD /* DownloadTileImageOperation.swift in Sources */ = {isa = PBXBuildFile; fileRef = E819785B1CA94E7F0058F709 /* DownloadTileImageOperation.swift */; };
		E87C1C1D1CA2F3C000E23F7E /* GetSearchResultsOperation.swift in Sources */ = {isa = PBXBuildFile; fileRef = E87C1C1C1CA2F3C000E23F7E /* GetSearchResultsOperation.swift */; };
		E87C1C1F1CA2F3F500E23F7E /* DownloadSearchResultsOperation.swift in Sources */ = {isa = PBXBuildFile; fileRef = E87C1C1E1CA2F3F500E23F7E /* DownloadSearchResultsOperation.swift */; };
		E87C1C211CA2F42A00E23F7E /* ParseSearchResultsOperation.swift in Sources */ = {isa = PBXBuildFile; fileRef = E87C1C201CA2F42A00E23F7E /* ParseSearchResultsOperation.swift */; };
		E88A1D911CA16F33002EEFFB /* AlertOperation.swift in Sources */ = {isa = PBXBuildFile; fileRef = E88A1D6A1CA16F33002EEFFB /* AlertOperation.swift */; };
		E88A1D921CA16F33002EEFFB /* CreateJSONCacheOperation.swift in Sources */ = {isa = PBXBuildFile; fileRef = E88A1D6B1CA16F33002EEFFB /* CreateJSONCacheOperation.swift */; };
		E88A1D971CA16F33002EEFFB /* NetworkObserver.swift in Sources */ = {isa = PBXBuildFile; fileRef = E88A1D701CA16F33002EEFFB /* NetworkObserver.swift */; };
		E88A1D981CA16F33002EEFFB /* BackgroundObserver.swift in Sources */ = {isa = PBXBuildFile; fileRef = E88A1D711CA16F33002EEFFB /* BackgroundObserver.swift */; };
		E88A1D991CA16F33002EEFFB /* OperationQueue.swift in Sources */ = {isa = PBXBuildFile; fileRef = E88A1D721CA16F33002EEFFB /* OperationQueue.swift */; };
		E88A1D9A1CA16F33002EEFFB /* ExclusivityController.swift in Sources */ = {isa = PBXBuildFile; fileRef = E88A1D731CA16F33002EEFFB /* ExclusivityController.swift */; };
		E88A1D9B1CA16F33002EEFFB /* Operation.swift in Sources */ = {isa = PBXBuildFile; fileRef = E88A1D741CA16F33002EEFFB /* Operation.swift */; };
		E88A1D9C1CA16F33002EEFFB /* BlockOperation.swift in Sources */ = {isa = PBXBuildFile; fileRef = E88A1D751CA16F33002EEFFB /* BlockOperation.swift */; };
		E88A1D9D1CA16F33002EEFFB /* GroupOperation.swift in Sources */ = {isa = PBXBuildFile; fileRef = E88A1D761CA16F33002EEFFB /* GroupOperation.swift */; };
		E88A1D9E1CA16F33002EEFFB /* URLSessionTaskOperation.swift in Sources */ = {isa = PBXBuildFile; fileRef = E88A1D771CA16F33002EEFFB /* URLSessionTaskOperation.swift */; };
		E88A1D9F1CA16F33002EEFFB /* LocationOperation.swift in Sources */ = {isa = PBXBuildFile; fileRef = E88A1D781CA16F33002EEFFB /* LocationOperation.swift */; };
		E88A1DA01CA16F33002EEFFB /* DelayOperation.swift in Sources */ = {isa = PBXBuildFile; fileRef = E88A1D791CA16F33002EEFFB /* DelayOperation.swift */; };
		E88A1DA11CA16F33002EEFFB /* OperationObserver.swift in Sources */ = {isa = PBXBuildFile; fileRef = E88A1D7A1CA16F33002EEFFB /* OperationObserver.swift */; };
		E88A1DA21CA16F33002EEFFB /* BlockObserver.swift in Sources */ = {isa = PBXBuildFile; fileRef = E88A1D7B1CA16F33002EEFFB /* BlockObserver.swift */; };
		E88A1DA31CA16F33002EEFFB /* TimeoutObserver.swift in Sources */ = {isa = PBXBuildFile; fileRef = E88A1D7C1CA16F33002EEFFB /* TimeoutObserver.swift */; };
		E88A1DA41CA16F33002EEFFB /* OperationErrors.swift in Sources */ = {isa = PBXBuildFile; fileRef = E88A1D7D1CA16F33002EEFFB /* OperationErrors.swift */; };
		E88A1DA51CA16F33002EEFFB /* OperationCondition.swift in Sources */ = {isa = PBXBuildFile; fileRef = E88A1D7E1CA16F33002EEFFB /* OperationCondition.swift */; };
		E88A1DA61CA16F33002EEFFB /* SilentCondition.swift in Sources */ = {isa = PBXBuildFile; fileRef = E88A1D7F1CA16F33002EEFFB /* SilentCondition.swift */; };
		E88A1DA71CA16F33002EEFFB /* NegatedCondition.swift in Sources */ = {isa = PBXBuildFile; fileRef = E88A1D801CA16F33002EEFFB /* NegatedCondition.swift */; };
		E88A1DA81CA16F33002EEFFB /* NoCancelledDependencies.swift in Sources */ = {isa = PBXBuildFile; fileRef = E88A1D811CA16F33002EEFFB /* NoCancelledDependencies.swift */; };
		E88A1DA91CA16F33002EEFFB /* MutuallyExclusive.swift in Sources */ = {isa = PBXBuildFile; fileRef = E88A1D821CA16F33002EEFFB /* MutuallyExclusive.swift */; };
		E88A1DAA1CA16F33002EEFFB /* ReachabilityCondition.swift in Sources */ = {isa = PBXBuildFile; fileRef = E88A1D831CA16F33002EEFFB /* ReachabilityCondition.swift */; };
		E88A1DAB1CA16F33002EEFFB /* CloudCondition.swift in Sources */ = {isa = PBXBuildFile; fileRef = E88A1D841CA16F33002EEFFB /* CloudCondition.swift */; };
		E88A1DAC1CA16F33002EEFFB /* PassbookCondition.swift in Sources */ = {isa = PBXBuildFile; fileRef = E88A1D851CA16F33002EEFFB /* PassbookCondition.swift */; };
		E88A1DAD1CA16F33002EEFFB /* LocationCondition.swift in Sources */ = {isa = PBXBuildFile; fileRef = E88A1D861CA16F33002EEFFB /* LocationCondition.swift */; };
		E88A1DAE1CA16F33002EEFFB /* CalendarCondition.swift in Sources */ = {isa = PBXBuildFile; fileRef = E88A1D871CA16F33002EEFFB /* CalendarCondition.swift */; };
		E88A1DAF1CA16F33002EEFFB /* PhotosCondition.swift in Sources */ = {isa = PBXBuildFile; fileRef = E88A1D881CA16F33002EEFFB /* PhotosCondition.swift */; };
		E88A1DB01CA16F33002EEFFB /* HealthCondition.swift in Sources */ = {isa = PBXBuildFile; fileRef = E88A1D891CA16F33002EEFFB /* HealthCondition.swift */; };
		E88A1DB11CA16F33002EEFFB /* RemoteNotificationCondition.swift in Sources */ = {isa = PBXBuildFile; fileRef = E88A1D8A1CA16F33002EEFFB /* RemoteNotificationCondition.swift */; };
		E88A1DB21CA16F33002EEFFB /* UserNotificationCondition.swift in Sources */ = {isa = PBXBuildFile; fileRef = E88A1D8B1CA16F33002EEFFB /* UserNotificationCondition.swift */; };
		E88A1DB31CA16F33002EEFFB /* Dictionary+Operations.swift in Sources */ = {isa = PBXBuildFile; fileRef = E88A1D8C1CA16F33002EEFFB /* Dictionary+Operations.swift */; };
		E88A1DB41CA16F33002EEFFB /* NSOperation+Operations.swift in Sources */ = {isa = PBXBuildFile; fileRef = E88A1D8D1CA16F33002EEFFB /* NSOperation+Operations.swift */; };
		E88A1DB51CA16F33002EEFFB /* NSLock+Operations.swift in Sources */ = {isa = PBXBuildFile; fileRef = E88A1D8E1CA16F33002EEFFB /* NSLock+Operations.swift */; };
		E88A1DB61CA16F33002EEFFB /* CKContainer+Operations.swift in Sources */ = {isa = PBXBuildFile; fileRef = E88A1D8F1CA16F33002EEFFB /* CKContainer+Operations.swift */; };
		E88A1DB71CA16F33002EEFFB /* UIUserNotifications+Operations.swift in Sources */ = {isa = PBXBuildFile; fileRef = E88A1D901CA16F33002EEFFB /* UIUserNotifications+Operations.swift */; };
		E88A1DC01CA178BB002EEFFB /* Main.storyboard in Resources */ = {isa = PBXBuildFile; fileRef = E88A1DBF1CA178BB002EEFFB /* Main.storyboard */; };
		E8DAC5F31CB03D170011A49A /* MapKit.framework in Frameworks */ = {isa = PBXBuildFile; fileRef = E8DAC5F21CB03D160011A49A /* MapKit.framework */; };
		E8DAF6071CAFE085003BE25A /* SettingsViewController.swift in Sources */ = {isa = PBXBuildFile; fileRef = E8DAF6061CAFE085003BE25A /* SettingsViewController.swift */; };
		E8DAF6091CAFE774003BE25A /* SettingsViewCell.swift in Sources */ = {isa = PBXBuildFile; fileRef = E8DAF6081CAFE774003BE25A /* SettingsViewCell.swift */; };
		E8F4EC0C1C8993FA00F4FF9B /* SplitViewController.swift in Sources */ = {isa = PBXBuildFile; fileRef = E8F4EC0B1C8993FA00F4FF9B /* SplitViewController.swift */; };
		E8F4EC361C89A8E300F4FF9B /* DetailViewController.swift in Sources */ = {isa = PBXBuildFile; fileRef = E8F4EC351C89A8E300F4FF9B /* DetailViewController.swift */; };
		E8FB4B761CA71A8100023CB4 /* TableViewCell.swift in Sources */ = {isa = PBXBuildFile; fileRef = E8FB4B751CA71A8100023CB4 /* TableViewCell.swift */; };
/* End PBXBuildFile section */

/* Begin PBXContainerItemProxy section */
		E86BDF751C873C7D0054225C /* PBXContainerItemProxy */ = {
			isa = PBXContainerItemProxy;
			containerPortal = E86BDF581C873C7D0054225C /* Project object */;
			proxyType = 1;
			remoteGlobalIDString = E86BDF5F1C873C7D0054225C;
			remoteInfo = test;
		};
		E86BDF801C873C7D0054225C /* PBXContainerItemProxy */ = {
			isa = PBXContainerItemProxy;
			containerPortal = E86BDF581C873C7D0054225C /* Project object */;
			proxyType = 1;
			remoteGlobalIDString = E86BDF5F1C873C7D0054225C;
			remoteInfo = test;
		};
		E86BDFA11C873F200054225C /* PBXContainerItemProxy */ = {
			isa = PBXContainerItemProxy;
			containerPortal = E86BDF581C873C7D0054225C /* Project object */;
			proxyType = 1;
			remoteGlobalIDString = E86BDF951C873F1F0054225C;
			remoteInfo = SightRateKit;
		};
		E86BDFA31C873F200054225C /* PBXContainerItemProxy */ = {
			isa = PBXContainerItemProxy;
			containerPortal = E86BDF581C873C7D0054225C /* Project object */;
			proxyType = 1;
			remoteGlobalIDString = E86BDF5F1C873C7D0054225C;
			remoteInfo = test;
		};
		E86BDFA91C873F200054225C /* PBXContainerItemProxy */ = {
			isa = PBXContainerItemProxy;
			containerPortal = E86BDF581C873C7D0054225C /* Project object */;
			proxyType = 1;
			remoteGlobalIDString = E86BDF951C873F1F0054225C;
			remoteInfo = SightRateKit;
		};
/* End PBXContainerItemProxy section */

/* Begin PBXCopyFilesBuildPhase section */
		E86BDFB01C873F200054225C /* Embed Frameworks */ = {
			isa = PBXCopyFilesBuildPhase;
			buildActionMask = 2147483647;
			dstPath = "";
			dstSubfolderSpec = 10;
			files = (
				E86BDFAC1C873F200054225C /* SightRateKit.framework in Embed Frameworks */,
			);
			name = "Embed Frameworks";
			runOnlyForDeploymentPostprocessing = 0;
		};
/* End PBXCopyFilesBuildPhase section */

/* Begin PBXFileReference section */
		E81978591CA8A35A0058F709 /* UIImage+DownloadFrom.swift */ = {isa = PBXFileReference; fileEncoding = 4; lastKnownFileType = sourcecode.swift; path = "UIImage+DownloadFrom.swift"; sourceTree = "<group>"; };
		E819785B1CA94E7F0058F709 /* DownloadTileImageOperation.swift */ = {isa = PBXFileReference; fileEncoding = 4; lastKnownFileType = sourcecode.swift; path = DownloadTileImageOperation.swift; sourceTree = "<group>"; };
		E819785F1CA9883E0058F709 /* wembley.json */ = {isa = PBXFileReference; fileEncoding = 4; lastKnownFileType = text.json; path = wembley.json; sourceTree = "<group>"; };
		E81978661CA9988A0058F709 /* GetTileImageOperation.swift */ = {isa = PBXFileReference; fileEncoding = 4; lastKnownFileType = sourcecode.swift; path = GetTileImageOperation.swift; sourceTree = "<group>"; };
		E850D6B01CB0001B0076768F /* SettingsDetailViewController.swift */ = {isa = PBXFileReference; fileEncoding = 4; lastKnownFileType = sourcecode.swift; name = SettingsDetailViewController.swift; path = UI/SettingsDetailViewController.swift; sourceTree = "<group>"; };
		E850D6B21CB032B20076768F /* SettingsDetailViewCell.swift */ = {isa = PBXFileReference; fileEncoding = 4; lastKnownFileType = sourcecode.swift; name = SettingsDetailViewCell.swift; path = UI/SettingsDetailViewCell.swift; sourceTree = "<group>"; };
		E86BDF601C873C7D0054225C /* test.app */ = {isa = PBXFileReference; explicitFileType = wrapper.application; includeInIndex = 0; path = test.app; sourceTree = BUILT_PRODUCTS_DIR; };
		E86BDF631C873C7D0054225C /* AppDelegate.swift */ = {isa = PBXFileReference; lastKnownFileType = sourcecode.swift; path = AppDelegate.swift; sourceTree = "<group>"; };
		E86BDF651C873C7D0054225C /* TableViewController.swift */ = {isa = PBXFileReference; lastKnownFileType = sourcecode.swift; path = TableViewController.swift; sourceTree = "<group>"; };
		E86BDF6A1C873C7D0054225C /* Assets.xcassets */ = {isa = PBXFileReference; lastKnownFileType = folder.assetcatalog; path = Assets.xcassets; sourceTree = "<group>"; };
		E86BDF6D1C873C7D0054225C /* Base */ = {isa = PBXFileReference; lastKnownFileType = file.storyboard; name = Base; path = Base.lproj/LaunchScreen.storyboard; sourceTree = "<group>"; };
		E86BDF6F1C873C7D0054225C /* Info.plist */ = {isa = PBXFileReference; lastKnownFileType = text.plist.xml; path = Info.plist; sourceTree = "<group>"; };
		E86BDF741C873C7D0054225C /* testTests.xctest */ = {isa = PBXFileReference; explicitFileType = wrapper.cfbundle; includeInIndex = 0; path = testTests.xctest; sourceTree = BUILT_PRODUCTS_DIR; };
		E86BDF781C873C7D0054225C /* testTests.swift */ = {isa = PBXFileReference; lastKnownFileType = sourcecode.swift; path = testTests.swift; sourceTree = "<group>"; };
		E86BDF7A1C873C7D0054225C /* Info.plist */ = {isa = PBXFileReference; lastKnownFileType = text.plist.xml; path = Info.plist; sourceTree = "<group>"; };
		E86BDF7F1C873C7D0054225C /* testUITests.xctest */ = {isa = PBXFileReference; explicitFileType = wrapper.cfbundle; includeInIndex = 0; path = testUITests.xctest; sourceTree = BUILT_PRODUCTS_DIR; };
		E86BDF831C873C7D0054225C /* testUITests.swift */ = {isa = PBXFileReference; lastKnownFileType = sourcecode.swift; path = testUITests.swift; sourceTree = "<group>"; };
		E86BDF851C873C7D0054225C /* Info.plist */ = {isa = PBXFileReference; lastKnownFileType = text.plist.xml; path = Info.plist; sourceTree = "<group>"; };
		E86BDF961C873F1F0054225C /* SightRateKit.framework */ = {isa = PBXFileReference; explicitFileType = wrapper.framework; includeInIndex = 0; path = SightRateKit.framework; sourceTree = BUILT_PRODUCTS_DIR; };
		E86BDF981C873F200054225C /* SightRateKit.h */ = {isa = PBXFileReference; lastKnownFileType = sourcecode.c.h; path = SightRateKit.h; sourceTree = "<group>"; };
		E86BDF9A1C873F200054225C /* Info.plist */ = {isa = PBXFileReference; lastKnownFileType = text.plist.xml; path = Info.plist; sourceTree = "<group>"; };
		E86BDF9F1C873F200054225C /* SightRateKitTests.xctest */ = {isa = PBXFileReference; explicitFileType = wrapper.cfbundle; includeInIndex = 0; path = SightRateKitTests.xctest; sourceTree = BUILT_PRODUCTS_DIR; };
		E86BDFA61C873F200054225C /* SightRateKitTests.swift */ = {isa = PBXFileReference; lastKnownFileType = sourcecode.swift; path = SightRateKitTests.swift; sourceTree = "<group>"; };
		E86BDFA81C873F200054225C /* Info.plist */ = {isa = PBXFileReference; lastKnownFileType = text.plist.xml; path = Info.plist; sourceTree = "<group>"; };
		E86BDFB41C873FD20054225C /* SightTileView.swift */ = {isa = PBXFileReference; fileEncoding = 4; lastKnownFileType = sourcecode.swift; path = SightTileView.swift; sourceTree = "<group>"; };
		E86BDFB71C8759990054225C /* Avalon-Victoria.jpg */ = {isa = PBXFileReference; lastKnownFileType = image.jpeg; name = "Avalon-Victoria.jpg"; path = "TestImages/Avalon-Victoria.jpg"; sourceTree = "<group>"; };
		E86BDFB81C8759990054225C /* Bali-Indonesia.jpg */ = {isa = PBXFileReference; lastKnownFileType = image.jpeg; name = "Bali-Indonesia.jpg"; path = "TestImages/Bali-Indonesia.jpg"; sourceTree = "<group>"; };
		E86BDFBA1C8759990054225C /* Marissa-SriLanka.jpg */ = {isa = PBXFileReference; lastKnownFileType = image.jpeg; name = "Marissa-SriLanka.jpg"; path = "TestImages/Marissa-SriLanka.jpg"; sourceTree = "<group>"; };
		E86BDFBB1C8759990054225C /* Paros-Greece.jpg */ = {isa = PBXFileReference; lastKnownFileType = image.jpeg; name = "Paros-Greece.jpg"; path = "TestImages/Paros-Greece.jpg"; sourceTree = "<group>"; };
		E86BDFBC1C8759990054225C /* Santorini-Greece.jpg */ = {isa = PBXFileReference; lastKnownFileType = image.jpeg; name = "Santorini-Greece.jpg"; path = "TestImages/Santorini-Greece.jpg"; sourceTree = "<group>"; };
		E879ECDA1CAB2D7A00FDB9DD /* globals.swift */ = {isa = PBXFileReference; fileEncoding = 4; lastKnownFileType = sourcecode.swift; path = globals.swift; sourceTree = "<group>"; };
		E87C1C1C1CA2F3C000E23F7E /* GetSearchResultsOperation.swift */ = {isa = PBXFileReference; fileEncoding = 4; lastKnownFileType = sourcecode.swift; path = GetSearchResultsOperation.swift; sourceTree = "<group>"; };
		E87C1C1E1CA2F3F500E23F7E /* DownloadSearchResultsOperation.swift */ = {isa = PBXFileReference; fileEncoding = 4; lastKnownFileType = sourcecode.swift; path = DownloadSearchResultsOperation.swift; sourceTree = "<group>"; };
		E87C1C201CA2F42A00E23F7E /* ParseSearchResultsOperation.swift */ = {isa = PBXFileReference; fileEncoding = 4; lastKnownFileType = sourcecode.swift; path = ParseSearchResultsOperation.swift; sourceTree = "<group>"; };
		E88A1D6A1CA16F33002EEFFB /* AlertOperation.swift */ = {isa = PBXFileReference; fileEncoding = 4; lastKnownFileType = sourcecode.swift; path = AlertOperation.swift; sourceTree = "<group>"; };
		E88A1D6B1CA16F33002EEFFB /* CreateJSONCacheOperation.swift */ = {isa = PBXFileReference; fileEncoding = 4; lastKnownFileType = sourcecode.swift; path = CreateJSONCacheOperation.swift; sourceTree = "<group>"; };
		E88A1D701CA16F33002EEFFB /* NetworkObserver.swift */ = {isa = PBXFileReference; fileEncoding = 4; lastKnownFileType = sourcecode.swift; path = NetworkObserver.swift; sourceTree = "<group>"; };
		E88A1D711CA16F33002EEFFB /* BackgroundObserver.swift */ = {isa = PBXFileReference; fileEncoding = 4; lastKnownFileType = sourcecode.swift; path = BackgroundObserver.swift; sourceTree = "<group>"; };
		E88A1D721CA16F33002EEFFB /* OperationQueue.swift */ = {isa = PBXFileReference; fileEncoding = 4; lastKnownFileType = sourcecode.swift; path = OperationQueue.swift; sourceTree = "<group>"; };
		E88A1D731CA16F33002EEFFB /* ExclusivityController.swift */ = {isa = PBXFileReference; fileEncoding = 4; lastKnownFileType = sourcecode.swift; path = ExclusivityController.swift; sourceTree = "<group>"; };
		E88A1D741CA16F33002EEFFB /* Operation.swift */ = {isa = PBXFileReference; fileEncoding = 4; lastKnownFileType = sourcecode.swift; path = Operation.swift; sourceTree = "<group>"; };
		E88A1D751CA16F33002EEFFB /* BlockOperation.swift */ = {isa = PBXFileReference; fileEncoding = 4; lastKnownFileType = sourcecode.swift; path = BlockOperation.swift; sourceTree = "<group>"; };
		E88A1D761CA16F33002EEFFB /* GroupOperation.swift */ = {isa = PBXFileReference; fileEncoding = 4; lastKnownFileType = sourcecode.swift; path = GroupOperation.swift; sourceTree = "<group>"; };
		E88A1D771CA16F33002EEFFB /* URLSessionTaskOperation.swift */ = {isa = PBXFileReference; fileEncoding = 4; lastKnownFileType = sourcecode.swift; path = URLSessionTaskOperation.swift; sourceTree = "<group>"; };
		E88A1D781CA16F33002EEFFB /* LocationOperation.swift */ = {isa = PBXFileReference; fileEncoding = 4; lastKnownFileType = sourcecode.swift; path = LocationOperation.swift; sourceTree = "<group>"; };
		E88A1D791CA16F33002EEFFB /* DelayOperation.swift */ = {isa = PBXFileReference; fileEncoding = 4; lastKnownFileType = sourcecode.swift; path = DelayOperation.swift; sourceTree = "<group>"; };
		E88A1D7A1CA16F33002EEFFB /* OperationObserver.swift */ = {isa = PBXFileReference; fileEncoding = 4; lastKnownFileType = sourcecode.swift; path = OperationObserver.swift; sourceTree = "<group>"; };
		E88A1D7B1CA16F33002EEFFB /* BlockObserver.swift */ = {isa = PBXFileReference; fileEncoding = 4; lastKnownFileType = sourcecode.swift; path = BlockObserver.swift; sourceTree = "<group>"; };
		E88A1D7C1CA16F33002EEFFB /* TimeoutObserver.swift */ = {isa = PBXFileReference; fileEncoding = 4; lastKnownFileType = sourcecode.swift; path = TimeoutObserver.swift; sourceTree = "<group>"; };
		E88A1D7D1CA16F33002EEFFB /* OperationErrors.swift */ = {isa = PBXFileReference; fileEncoding = 4; lastKnownFileType = sourcecode.swift; path = OperationErrors.swift; sourceTree = "<group>"; };
		E88A1D7E1CA16F33002EEFFB /* OperationCondition.swift */ = {isa = PBXFileReference; fileEncoding = 4; lastKnownFileType = sourcecode.swift; path = OperationCondition.swift; sourceTree = "<group>"; };
		E88A1D7F1CA16F33002EEFFB /* SilentCondition.swift */ = {isa = PBXFileReference; fileEncoding = 4; lastKnownFileType = sourcecode.swift; path = SilentCondition.swift; sourceTree = "<group>"; };
		E88A1D801CA16F33002EEFFB /* NegatedCondition.swift */ = {isa = PBXFileReference; fileEncoding = 4; lastKnownFileType = sourcecode.swift; path = NegatedCondition.swift; sourceTree = "<group>"; };
		E88A1D811CA16F33002EEFFB /* NoCancelledDependencies.swift */ = {isa = PBXFileReference; fileEncoding = 4; lastKnownFileType = sourcecode.swift; path = NoCancelledDependencies.swift; sourceTree = "<group>"; };
		E88A1D821CA16F33002EEFFB /* MutuallyExclusive.swift */ = {isa = PBXFileReference; fileEncoding = 4; lastKnownFileType = sourcecode.swift; path = MutuallyExclusive.swift; sourceTree = "<group>"; };
		E88A1D831CA16F33002EEFFB /* ReachabilityCondition.swift */ = {isa = PBXFileReference; fileEncoding = 4; lastKnownFileType = sourcecode.swift; path = ReachabilityCondition.swift; sourceTree = "<group>"; };
		E88A1D841CA16F33002EEFFB /* CloudCondition.swift */ = {isa = PBXFileReference; fileEncoding = 4; lastKnownFileType = sourcecode.swift; path = CloudCondition.swift; sourceTree = "<group>"; };
		E88A1D851CA16F33002EEFFB /* PassbookCondition.swift */ = {isa = PBXFileReference; fileEncoding = 4; lastKnownFileType = sourcecode.swift; path = PassbookCondition.swift; sourceTree = "<group>"; };
		E88A1D861CA16F33002EEFFB /* LocationCondition.swift */ = {isa = PBXFileReference; fileEncoding = 4; lastKnownFileType = sourcecode.swift; path = LocationCondition.swift; sourceTree = "<group>"; };
		E88A1D871CA16F33002EEFFB /* CalendarCondition.swift */ = {isa = PBXFileReference; fileEncoding = 4; lastKnownFileType = sourcecode.swift; path = CalendarCondition.swift; sourceTree = "<group>"; };
		E88A1D881CA16F33002EEFFB /* PhotosCondition.swift */ = {isa = PBXFileReference; fileEncoding = 4; lastKnownFileType = sourcecode.swift; path = PhotosCondition.swift; sourceTree = "<group>"; };
		E88A1D891CA16F33002EEFFB /* HealthCondition.swift */ = {isa = PBXFileReference; fileEncoding = 4; lastKnownFileType = sourcecode.swift; path = HealthCondition.swift; sourceTree = "<group>"; };
		E88A1D8A1CA16F33002EEFFB /* RemoteNotificationCondition.swift */ = {isa = PBXFileReference; fileEncoding = 4; lastKnownFileType = sourcecode.swift; path = RemoteNotificationCondition.swift; sourceTree = "<group>"; };
		E88A1D8B1CA16F33002EEFFB /* UserNotificationCondition.swift */ = {isa = PBXFileReference; fileEncoding = 4; lastKnownFileType = sourcecode.swift; path = UserNotificationCondition.swift; sourceTree = "<group>"; };
		E88A1D8C1CA16F33002EEFFB /* Dictionary+Operations.swift */ = {isa = PBXFileReference; fileEncoding = 4; lastKnownFileType = sourcecode.swift; path = "Dictionary+Operations.swift"; sourceTree = "<group>"; };
		E88A1D8D1CA16F33002EEFFB /* NSOperation+Operations.swift */ = {isa = PBXFileReference; fileEncoding = 4; lastKnownFileType = sourcecode.swift; path = "NSOperation+Operations.swift"; sourceTree = "<group>"; };
		E88A1D8E1CA16F33002EEFFB /* NSLock+Operations.swift */ = {isa = PBXFileReference; fileEncoding = 4; lastKnownFileType = sourcecode.swift; path = "NSLock+Operations.swift"; sourceTree = "<group>"; };
		E88A1D8F1CA16F33002EEFFB /* CKContainer+Operations.swift */ = {isa = PBXFileReference; fileEncoding = 4; lastKnownFileType = sourcecode.swift; path = "CKContainer+Operations.swift"; sourceTree = "<group>"; };
		E88A1D901CA16F33002EEFFB /* UIUserNotifications+Operations.swift */ = {isa = PBXFileReference; fileEncoding = 4; lastKnownFileType = sourcecode.swift; path = "UIUserNotifications+Operations.swift"; sourceTree = "<group>"; };
		E88A1DBF1CA178BB002EEFFB /* Main.storyboard */ = {isa = PBXFileReference; fileEncoding = 4; lastKnownFileType = file.storyboard; name = Main.storyboard; path = Base.lproj/Main.storyboard; sourceTree = "<group>"; };
		E8DAC5F21CB03D160011A49A /* MapKit.framework */ = {isa = PBXFileReference; lastKnownFileType = wrapper.framework; name = MapKit.framework; path = System/Library/Frameworks/MapKit.framework; sourceTree = SDKROOT; };
		E8DAF6061CAFE085003BE25A /* SettingsViewController.swift */ = {isa = PBXFileReference; fileEncoding = 4; lastKnownFileType = sourcecode.swift; name = SettingsViewController.swift; path = UI/SettingsViewController.swift; sourceTree = "<group>"; };
		E8DAF6081CAFE774003BE25A /* SettingsViewCell.swift */ = {isa = PBXFileReference; fileEncoding = 4; lastKnownFileType = sourcecode.swift; name = SettingsViewCell.swift; path = UI/SettingsViewCell.swift; sourceTree = "<group>"; };
		E8F4EC0B1C8993FA00F4FF9B /* SplitViewController.swift */ = {isa = PBXFileReference; fileEncoding = 4; lastKnownFileType = sourcecode.swift; name = SplitViewController.swift; path = UI/SplitViewController.swift; sourceTree = "<group>"; };
		E8F4EC351C89A8E300F4FF9B /* DetailViewController.swift */ = {isa = PBXFileReference; fileEncoding = 4; lastKnownFileType = sourcecode.swift; name = DetailViewController.swift; path = UI/DetailViewController.swift; sourceTree = "<group>"; };
		E8FB4B751CA71A8100023CB4 /* TableViewCell.swift */ = {isa = PBXFileReference; fileEncoding = 4; lastKnownFileType = sourcecode.swift; name = TableViewCell.swift; path = UI/TableViewCell.swift; sourceTree = "<group>"; };
/* End PBXFileReference section */

/* Begin PBXFrameworksBuildPhase section */
		E86BDF5D1C873C7D0054225C /* Frameworks */ = {
			isa = PBXFrameworksBuildPhase;
			buildActionMask = 2147483647;
			files = (
				E8DAC5F31CB03D170011A49A /* MapKit.framework in Frameworks */,
				E86BDFAB1C873F200054225C /* SightRateKit.framework in Frameworks */,
			);
			runOnlyForDeploymentPostprocessing = 0;
		};
		E86BDF711C873C7D0054225C /* Frameworks */ = {
			isa = PBXFrameworksBuildPhase;
			buildActionMask = 2147483647;
			files = (
			);
			runOnlyForDeploymentPostprocessing = 0;
		};
		E86BDF7C1C873C7D0054225C /* Frameworks */ = {
			isa = PBXFrameworksBuildPhase;
			buildActionMask = 2147483647;
			files = (
			);
			runOnlyForDeploymentPostprocessing = 0;
		};
		E86BDF921C873F1F0054225C /* Frameworks */ = {
			isa = PBXFrameworksBuildPhase;
			buildActionMask = 2147483647;
			files = (
			);
			runOnlyForDeploymentPostprocessing = 0;
		};
		E86BDF9C1C873F200054225C /* Frameworks */ = {
			isa = PBXFrameworksBuildPhase;
			buildActionMask = 2147483647;
			files = (
				E86BDFA01C873F200054225C /* SightRateKit.framework in Frameworks */,
			);
			runOnlyForDeploymentPostprocessing = 0;
		};
/* End PBXFrameworksBuildPhase section */

/* Begin PBXGroup section */
		E86BDF571C873C7D0054225C = {
			isa = PBXGroup;
			children = (
				E8DAC5F21CB03D160011A49A /* MapKit.framework */,
				E86BDFB61C8757760054225C /* TestImages */,
				E86BDF621C873C7D0054225C /* test */,
				E88A1DB81CA16F41002EEFFB /* App Operations */,
				E88A1DB91CA16F6B002EEFFB /* Operations */,
				E86BDF771C873C7D0054225C /* testTests */,
				E86BDF821C873C7D0054225C /* testUITests */,
				E86BDF971C873F200054225C /* SightRateKit */,
				E86BDFA51C873F200054225C /* SightRateKitTests */,
				E86BDF611C873C7D0054225C /* Products */,
			);
			sourceTree = "<group>";
		};
		E86BDF611C873C7D0054225C /* Products */ = {
			isa = PBXGroup;
			children = (
				E86BDF601C873C7D0054225C /* test.app */,
				E86BDF741C873C7D0054225C /* testTests.xctest */,
				E86BDF7F1C873C7D0054225C /* testUITests.xctest */,
				E86BDF961C873F1F0054225C /* SightRateKit.framework */,
				E86BDF9F1C873F200054225C /* SightRateKitTests.xctest */,
			);
			name = Products;
			sourceTree = "<group>";
		};
		E86BDF621C873C7D0054225C /* test */ = {
			isa = PBXGroup;
			children = (
				E879ECDA1CAB2D7A00FDB9DD /* globals.swift */,
				E86BDF631C873C7D0054225C /* AppDelegate.swift */,
				E8F4EC0B1C8993FA00F4FF9B /* SplitViewController.swift */,
				E8DAF6051CAFE049003BE25A /* UI */,
				E86BDF6A1C873C7D0054225C /* Assets.xcassets */,
				E86BDF6F1C873C7D0054225C /* Info.plist */,
			);
			path = test;
			sourceTree = "<group>";
		};
		E86BDF771C873C7D0054225C /* testTests */ = {
			isa = PBXGroup;
			children = (
				E86BDF781C873C7D0054225C /* testTests.swift */,
				E86BDF7A1C873C7D0054225C /* Info.plist */,
			);
			path = testTests;
			sourceTree = "<group>";
		};
		E86BDF821C873C7D0054225C /* testUITests */ = {
			isa = PBXGroup;
			children = (
				E86BDF831C873C7D0054225C /* testUITests.swift */,
				E86BDF851C873C7D0054225C /* Info.plist */,
			);
			path = testUITests;
			sourceTree = "<group>";
		};
		E86BDF971C873F200054225C /* SightRateKit */ = {
			isa = PBXGroup;
			children = (
				E86BDF981C873F200054225C /* SightRateKit.h */,
				E86BDFB41C873FD20054225C /* SightTileView.swift */,
				E86BDF9A1C873F200054225C /* Info.plist */,
			);
			path = SightRateKit;
			sourceTree = "<group>";
		};
		E86BDFA51C873F200054225C /* SightRateKitTests */ = {
			isa = PBXGroup;
			children = (
				E86BDFA61C873F200054225C /* SightRateKitTests.swift */,
				E86BDFA81C873F200054225C /* Info.plist */,
			);
			path = SightRateKitTests;
			sourceTree = "<group>";
		};
		E86BDFB61C8757760054225C /* TestImages */ = {
			isa = PBXGroup;
			children = (
				E86BDFB71C8759990054225C /* Avalon-Victoria.jpg */,
				E86BDFB81C8759990054225C /* Bali-Indonesia.jpg */,
				E86BDFBA1C8759990054225C /* Marissa-SriLanka.jpg */,
				E86BDFBB1C8759990054225C /* Paros-Greece.jpg */,
				E86BDFBC1C8759990054225C /* Santorini-Greece.jpg */,
				E819785F1CA9883E0058F709 /* wembley.json */,
			);
			name = TestImages;
			sourceTree = "<group>";
		};
		E88A1DB81CA16F41002EEFFB /* App Operations */ = {
			isa = PBXGroup;
			children = (
				E88A1D6B1CA16F33002EEFFB /* CreateJSONCacheOperation.swift */,
				E87C1C1C1CA2F3C000E23F7E /* GetSearchResultsOperation.swift */,
				E87C1C1E1CA2F3F500E23F7E /* DownloadSearchResultsOperation.swift */,
				E87C1C201CA2F42A00E23F7E /* ParseSearchResultsOperation.swift */,
				E81978661CA9988A0058F709 /* GetTileImageOperation.swift */,
				E819785B1CA94E7F0058F709 /* DownloadTileImageOperation.swift */,
				E88A1D6A1CA16F33002EEFFB /* AlertOperation.swift */,
				E88A1D701CA16F33002EEFFB /* NetworkObserver.swift */,
				E88A1D711CA16F33002EEFFB /* BackgroundObserver.swift */,
			);
			name = "App Operations";
			sourceTree = "<group>";
		};
		E88A1DB91CA16F6B002EEFFB /* Operations */ = {
			isa = PBXGroup;
			children = (
				E88A1DBE1CA17003002EEFFB /* Operation Queue */,
				E88A1DBD1CA16FF7002EEFFB /* Operations */,
				E88A1DBC1CA16FE3002EEFFB /* Observers */,
				E88A1DBB1CA16FCC002EEFFB /* Conditions */,
				E88A1DBA1CA16F93002EEFFB /* Convenience Extensions */,
			);
			name = Operations;
			sourceTree = "<group>";
		};
		E88A1DBA1CA16F93002EEFFB /* Convenience Extensions */ = {
			isa = PBXGroup;
			children = (
				E88A1D8C1CA16F33002EEFFB /* Dictionary+Operations.swift */,
				E88A1D8D1CA16F33002EEFFB /* NSOperation+Operations.swift */,
				E88A1D8E1CA16F33002EEFFB /* NSLock+Operations.swift */,
				E88A1D8F1CA16F33002EEFFB /* CKContainer+Operations.swift */,
				E88A1D901CA16F33002EEFFB /* UIUserNotifications+Operations.swift */,
				E81978591CA8A35A0058F709 /* UIImage+DownloadFrom.swift */,
			);
			name = "Convenience Extensions";
			sourceTree = "<group>";
		};
		E88A1DBB1CA16FCC002EEFFB /* Conditions */ = {
			isa = PBXGroup;
			children = (
				E88A1D7D1CA16F33002EEFFB /* OperationErrors.swift */,
				E88A1D7E1CA16F33002EEFFB /* OperationCondition.swift */,
				E88A1D7F1CA16F33002EEFFB /* SilentCondition.swift */,
				E88A1D801CA16F33002EEFFB /* NegatedCondition.swift */,
				E88A1D811CA16F33002EEFFB /* NoCancelledDependencies.swift */,
				E88A1D821CA16F33002EEFFB /* MutuallyExclusive.swift */,
				E88A1D831CA16F33002EEFFB /* ReachabilityCondition.swift */,
				E88A1D841CA16F33002EEFFB /* CloudCondition.swift */,
				E88A1D851CA16F33002EEFFB /* PassbookCondition.swift */,
				E88A1D861CA16F33002EEFFB /* LocationCondition.swift */,
				E88A1D871CA16F33002EEFFB /* CalendarCondition.swift */,
				E88A1D881CA16F33002EEFFB /* PhotosCondition.swift */,
				E88A1D891CA16F33002EEFFB /* HealthCondition.swift */,
				E88A1D8A1CA16F33002EEFFB /* RemoteNotificationCondition.swift */,
				E88A1D8B1CA16F33002EEFFB /* UserNotificationCondition.swift */,
			);
			name = Conditions;
			sourceTree = "<group>";
		};
		E88A1DBC1CA16FE3002EEFFB /* Observers */ = {
			isa = PBXGroup;
			children = (
				E88A1D7A1CA16F33002EEFFB /* OperationObserver.swift */,
				E88A1D7B1CA16F33002EEFFB /* BlockObserver.swift */,
				E88A1D7C1CA16F33002EEFFB /* TimeoutObserver.swift */,
			);
			name = Observers;
			sourceTree = "<group>";
		};
		E88A1DBD1CA16FF7002EEFFB /* Operations */ = {
			isa = PBXGroup;
			children = (
				E88A1D741CA16F33002EEFFB /* Operation.swift */,
				E88A1D751CA16F33002EEFFB /* BlockOperation.swift */,
				E88A1D761CA16F33002EEFFB /* GroupOperation.swift */,
				E88A1D771CA16F33002EEFFB /* URLSessionTaskOperation.swift */,
				E88A1D781CA16F33002EEFFB /* LocationOperation.swift */,
				E88A1D791CA16F33002EEFFB /* DelayOperation.swift */,
			);
			name = Operations;
			sourceTree = "<group>";
		};
		E88A1DBE1CA17003002EEFFB /* Operation Queue */ = {
			isa = PBXGroup;
			children = (
				E88A1D721CA16F33002EEFFB /* OperationQueue.swift */,
				E88A1D731CA16F33002EEFFB /* ExclusivityController.swift */,
			);
			name = "Operation Queue";
			sourceTree = "<group>";
		};
		E8DAF6041CAFE039003BE25A /* tabBarController */ = {
			isa = PBXGroup;
			children = (
				E86BDF651C873C7D0054225C /* TableViewController.swift */,
				E8FB4B751CA71A8100023CB4 /* TableViewCell.swift */,
				E8F4EC351C89A8E300F4FF9B /* DetailViewController.swift */,
				E8DAF6061CAFE085003BE25A /* SettingsViewController.swift */,
				E8DAF6081CAFE774003BE25A /* SettingsViewCell.swift */,
				E850D6B01CB0001B0076768F /* SettingsDetailViewController.swift */,
				E850D6B21CB032B20076768F /* SettingsDetailViewCell.swift */,
			);
			name = tabBarController;
			sourceTree = "<group>";
		};
		E8DAF6051CAFE049003BE25A /* UI */ = {
			isa = PBXGroup;
			children = (
				E86BDF6C1C873C7D0054225C /* LaunchScreen.storyboard */,
				E88A1DBF1CA178BB002EEFFB /* Main.storyboard */,
				E8DAF6041CAFE039003BE25A /* tabBarController */,
			);
			name = UI;
			sourceTree = "<group>";
		};
/* End PBXGroup section */

/* Begin PBXHeadersBuildPhase section */
		E86BDF931C873F1F0054225C /* Headers */ = {
			isa = PBXHeadersBuildPhase;
			buildActionMask = 2147483647;
			files = (
				E86BDF991C873F200054225C /* SightRateKit.h in Headers */,
			);
			runOnlyForDeploymentPostprocessing = 0;
		};
/* End PBXHeadersBuildPhase section */

/* Begin PBXNativeTarget section */
		E86BDF5F1C873C7D0054225C /* test */ = {
			isa = PBXNativeTarget;
			buildConfigurationList = E86BDF881C873C7D0054225C /* Build configuration list for PBXNativeTarget "test" */;
			buildPhases = (
				E86BDF5C1C873C7D0054225C /* Sources */,
				E86BDF5D1C873C7D0054225C /* Frameworks */,
				E86BDF5E1C873C7D0054225C /* Resources */,
				E86BDFB01C873F200054225C /* Embed Frameworks */,
			);
			buildRules = (
			);
			dependencies = (
				E86BDFAA1C873F200054225C /* PBXTargetDependency */,
			);
			name = test;
			productName = test;
			productReference = E86BDF601C873C7D0054225C /* test.app */;
			productType = "com.apple.product-type.application";
		};
		E86BDF731C873C7D0054225C /* testTests */ = {
			isa = PBXNativeTarget;
			buildConfigurationList = E86BDF8B1C873C7D0054225C /* Build configuration list for PBXNativeTarget "testTests" */;
			buildPhases = (
				E86BDF701C873C7D0054225C /* Sources */,
				E86BDF711C873C7D0054225C /* Frameworks */,
				E86BDF721C873C7D0054225C /* Resources */,
			);
			buildRules = (
			);
			dependencies = (
				E86BDF761C873C7D0054225C /* PBXTargetDependency */,
			);
			name = testTests;
			productName = testTests;
			productReference = E86BDF741C873C7D0054225C /* testTests.xctest */;
			productType = "com.apple.product-type.bundle.unit-test";
		};
		E86BDF7E1C873C7D0054225C /* testUITests */ = {
			isa = PBXNativeTarget;
			buildConfigurationList = E86BDF8E1C873C7D0054225C /* Build configuration list for PBXNativeTarget "testUITests" */;
			buildPhases = (
				E86BDF7B1C873C7D0054225C /* Sources */,
				E86BDF7C1C873C7D0054225C /* Frameworks */,
				E86BDF7D1C873C7D0054225C /* Resources */,
			);
			buildRules = (
			);
			dependencies = (
				E86BDF811C873C7D0054225C /* PBXTargetDependency */,
			);
			name = testUITests;
			productName = testUITests;
			productReference = E86BDF7F1C873C7D0054225C /* testUITests.xctest */;
			productType = "com.apple.product-type.bundle.ui-testing";
		};
		E86BDF951C873F1F0054225C /* SightRateKit */ = {
			isa = PBXNativeTarget;
			buildConfigurationList = E86BDFAD1C873F200054225C /* Build configuration list for PBXNativeTarget "SightRateKit" */;
			buildPhases = (
				E86BDF911C873F1F0054225C /* Sources */,
				E86BDF921C873F1F0054225C /* Frameworks */,
				E86BDF931C873F1F0054225C /* Headers */,
				E86BDF941C873F1F0054225C /* Resources */,
			);
			buildRules = (
			);
			dependencies = (
			);
			name = SightRateKit;
			productName = SightRateKit;
			productReference = E86BDF961C873F1F0054225C /* SightRateKit.framework */;
			productType = "com.apple.product-type.framework";
		};
		E86BDF9E1C873F200054225C /* SightRateKitTests */ = {
			isa = PBXNativeTarget;
			buildConfigurationList = E86BDFB11C873F200054225C /* Build configuration list for PBXNativeTarget "SightRateKitTests" */;
			buildPhases = (
				E86BDF9B1C873F200054225C /* Sources */,
				E86BDF9C1C873F200054225C /* Frameworks */,
				E86BDF9D1C873F200054225C /* Resources */,
			);
			buildRules = (
			);
			dependencies = (
				E86BDFA21C873F200054225C /* PBXTargetDependency */,
				E86BDFA41C873F200054225C /* PBXTargetDependency */,
			);
			name = SightRateKitTests;
			productName = SightRateKitTests;
			productReference = E86BDF9F1C873F200054225C /* SightRateKitTests.xctest */;
			productType = "com.apple.product-type.bundle.unit-test";
		};
/* End PBXNativeTarget section */

/* Begin PBXProject section */
		E86BDF581C873C7D0054225C /* Project object */ = {
			isa = PBXProject;
			attributes = {
				LastSwiftUpdateCheck = 0720;
				LastUpgradeCheck = 0720;
				ORGANIZATIONNAME = "Stephen McIntosh";
				TargetAttributes = {
					E86BDF5F1C873C7D0054225C = {
						CreatedOnToolsVersion = 7.2.1;
						DevelopmentTeam = 7W43VPB8DS;
						SystemCapabilities = {
							com.apple.BackgroundModes = {
								enabled = 1;
							};
							com.apple.DataProtection = {
								enabled = 1;
							};
							com.apple.Maps.iOS = {
								enabled = 1;
							};
							com.apple.Push = {
								enabled = 1;
							};
						};
					};
					E86BDF731C873C7D0054225C = {
						CreatedOnToolsVersion = 7.2.1;
						TestTargetID = E86BDF5F1C873C7D0054225C;
					};
					E86BDF7E1C873C7D0054225C = {
						CreatedOnToolsVersion = 7.2.1;
						TestTargetID = E86BDF5F1C873C7D0054225C;
					};
					E86BDF951C873F1F0054225C = {
						CreatedOnToolsVersion = 7.2.1;
					};
					E86BDF9E1C873F200054225C = {
						CreatedOnToolsVersion = 7.2.1;
						TestTargetID = E86BDF5F1C873C7D0054225C;
					};
				};
			};
			buildConfigurationList = E86BDF5B1C873C7D0054225C /* Build configuration list for PBXProject "test" */;
			compatibilityVersion = "Xcode 3.2";
			developmentRegion = English;
			hasScannedForEncodings = 0;
			knownRegions = (
				en,
				Base,
			);
			mainGroup = E86BDF571C873C7D0054225C;
			productRefGroup = E86BDF611C873C7D0054225C /* Products */;
			projectDirPath = "";
			projectRoot = "";
			targets = (
				E86BDF5F1C873C7D0054225C /* test */,
				E86BDF731C873C7D0054225C /* testTests */,
				E86BDF7E1C873C7D0054225C /* testUITests */,
				E86BDF951C873F1F0054225C /* SightRateKit */,
				E86BDF9E1C873F200054225C /* SightRateKitTests */,
			);
		};
/* End PBXProject section */

/* Begin PBXResourcesBuildPhase section */
		E86BDF5E1C873C7D0054225C /* Resources */ = {
			isa = PBXResourcesBuildPhase;
			buildActionMask = 2147483647;
			files = (
				E81978601CA9883E0058F709 /* wembley.json in Resources */,
				E86BDF6E1C873C7D0054225C /* LaunchScreen.storyboard in Resources */,
				E81978621CA98AEB0058F709 /* Bali-Indonesia.jpg in Resources */,
				E81978611CA98AEB0058F709 /* Avalon-Victoria.jpg in Resources */,
				E81978651CA98AEB0058F709 /* Santorini-Greece.jpg in Resources */,
				E81978641CA98AEB0058F709 /* Paros-Greece.jpg in Resources */,
				E86BDF6B1C873C7D0054225C /* Assets.xcassets in Resources */,
				E88A1DC01CA178BB002EEFFB /* Main.storyboard in Resources */,
				E81978631CA98AEB0058F709 /* Marissa-SriLanka.jpg in Resources */,
			);
			runOnlyForDeploymentPostprocessing = 0;
		};
		E86BDF721C873C7D0054225C /* Resources */ = {
			isa = PBXResourcesBuildPhase;
			buildActionMask = 2147483647;
			files = (
			);
			runOnlyForDeploymentPostprocessing = 0;
		};
		E86BDF7D1C873C7D0054225C /* Resources */ = {
			isa = PBXResourcesBuildPhase;
			buildActionMask = 2147483647;
			files = (
			);
			runOnlyForDeploymentPostprocessing = 0;
		};
		E86BDF941C873F1F0054225C /* Resources */ = {
			isa = PBXResourcesBuildPhase;
			buildActionMask = 2147483647;
			files = (
				E86BDFBE1C8759990054225C /* Bali-Indonesia.jpg in Resources */,
				E86BDFC01C8759990054225C /* Marissa-SriLanka.jpg in Resources */,
				E86BDFBD1C8759990054225C /* Avalon-Victoria.jpg in Resources */,
				E86BDFC11C8759990054225C /* Paros-Greece.jpg in Resources */,
				E86BDFC21C8759990054225C /* Santorini-Greece.jpg in Resources */,
			);
			runOnlyForDeploymentPostprocessing = 0;
		};
		E86BDF9D1C873F200054225C /* Resources */ = {
			isa = PBXResourcesBuildPhase;
			buildActionMask = 2147483647;
			files = (
			);
			runOnlyForDeploymentPostprocessing = 0;
		};
/* End PBXResourcesBuildPhase section */

/* Begin PBXSourcesBuildPhase section */
		E86BDF5C1C873C7D0054225C /* Sources */ = {
			isa = PBXSourcesBuildPhase;
			buildActionMask = 2147483647;
			files = (
				E850D6B11CB0001B0076768F /* SettingsDetailViewController.swift in Sources */,
				E879ECDC1CABEA1600FDB9DD /* GetTileImageOperation.swift in Sources */,
				E879ECDB1CAB2D7A00FDB9DD /* globals.swift in Sources */,
				E87C1C211CA2F42A00E23F7E /* ParseSearchResultsOperation.swift in Sources */,
				E86BDF661C873C7D0054225C /* TableViewController.swift in Sources */,
				E86BDF641C873C7D0054225C /* AppDelegate.swift in Sources */,
				E88A1DA11CA16F33002EEFFB /* OperationObserver.swift in Sources */,
				E879ECDD1CABEA1900FDB9DD /* DownloadTileImageOperation.swift in Sources */,
				E8F4EC0C1C8993FA00F4FF9B /* SplitViewController.swift in Sources */,
				E88A1DB11CA16F33002EEFFB /* RemoteNotificationCondition.swift in Sources */,
				E819785A1CA8A35A0058F709 /* UIImage+DownloadFrom.swift in Sources */,
				E88A1DB61CA16F33002EEFFB /* CKContainer+Operations.swift in Sources */,
				E88A1DAA1CA16F33002EEFFB /* ReachabilityCondition.swift in Sources */,
				E88A1DA51CA16F33002EEFFB /* OperationCondition.swift in Sources */,
				E88A1D991CA16F33002EEFFB /* OperationQueue.swift in Sources */,
				E88A1DA31CA16F33002EEFFB /* TimeoutObserver.swift in Sources */,
				E88A1DAB1CA16F33002EEFFB /* CloudCondition.swift in Sources */,
				E88A1DB01CA16F33002EEFFB /* HealthCondition.swift in Sources */,
				E88A1D981CA16F33002EEFFB /* BackgroundObserver.swift in Sources */,
				E88A1DAD1CA16F33002EEFFB /* LocationCondition.swift in Sources */,
				E88A1D921CA16F33002EEFFB /* CreateJSONCacheOperation.swift in Sources */,
				E88A1DA01CA16F33002EEFFB /* DelayOperation.swift in Sources */,
				E88A1D9B1CA16F33002EEFFB /* Operation.swift in Sources */,
				E88A1DB31CA16F33002EEFFB /* Dictionary+Operations.swift in Sources */,
				E8DAF6071CAFE085003BE25A /* SettingsViewController.swift in Sources */,
				E88A1D911CA16F33002EEFFB /* AlertOperation.swift in Sources */,
				E88A1DA71CA16F33002EEFFB /* NegatedCondition.swift in Sources */,
				E88A1DAE1CA16F33002EEFFB /* CalendarCondition.swift in Sources */,
				E88A1D9D1CA16F33002EEFFB /* GroupOperation.swift in Sources */,
				E88A1DA91CA16F33002EEFFB /* MutuallyExclusive.swift in Sources */,
				E88A1DB71CA16F33002EEFFB /* UIUserNotifications+Operations.swift in Sources */,
				E88A1D9F1CA16F33002EEFFB /* LocationOperation.swift in Sources */,
				E88A1D9C1CA16F33002EEFFB /* BlockOperation.swift in Sources */,
				E88A1DA61CA16F33002EEFFB /* SilentCondition.swift in Sources */,
				E88A1DB51CA16F33002EEFFB /* NSLock+Operations.swift in Sources */,
				E8FB4B761CA71A8100023CB4 /* TableViewCell.swift in Sources */,
				E87C1C1D1CA2F3C000E23F7E /* GetSearchResultsOperation.swift in Sources */,
				E88A1D9E1CA16F33002EEFFB /* URLSessionTaskOperation.swift in Sources */,
				E8F4EC361C89A8E300F4FF9B /* DetailViewController.swift in Sources */,
				E87C1C1F1CA2F3F500E23F7E /* DownloadSearchResultsOperation.swift in Sources */,
				E88A1DA81CA16F33002EEFFB /* NoCancelledDependencies.swift in Sources */,
				E850D6B31CB032B20076768F /* SettingsDetailViewCell.swift in Sources */,
				E88A1DB41CA16F33002EEFFB /* NSOperation+Operations.swift in Sources */,
				E88A1DAC1CA16F33002EEFFB /* PassbookCondition.swift in Sources */,
				E88A1D971CA16F33002EEFFB /* NetworkObserver.swift in Sources */,
				E88A1DB21CA16F33002EEFFB /* UserNotificationCondition.swift in Sources */,
				E88A1D9A1CA16F33002EEFFB /* ExclusivityController.swift in Sources */,
				E88A1DA41CA16F33002EEFFB /* OperationErrors.swift in Sources */,
				E88A1DA21CA16F33002EEFFB /* BlockObserver.swift in Sources */,
				E8DAF6091CAFE774003BE25A /* SettingsViewCell.swift in Sources */,
				E88A1DAF1CA16F33002EEFFB /* PhotosCondition.swift in Sources */,
			);
			runOnlyForDeploymentPostprocessing = 0;
		};
		E86BDF701C873C7D0054225C /* Sources */ = {
			isa = PBXSourcesBuildPhase;
			buildActionMask = 2147483647;
			files = (
				E86BDF791C873C7D0054225C /* testTests.swift in Sources */,
			);
			runOnlyForDeploymentPostprocessing = 0;
		};
		E86BDF7B1C873C7D0054225C /* Sources */ = {
			isa = PBXSourcesBuildPhase;
			buildActionMask = 2147483647;
			files = (
				E86BDF841C873C7D0054225C /* testUITests.swift in Sources */,
			);
			runOnlyForDeploymentPostprocessing = 0;
		};
		E86BDF911C873F1F0054225C /* Sources */ = {
			isa = PBXSourcesBuildPhase;
			buildActionMask = 2147483647;
			files = (
				E86BDFB51C873FD20054225C /* SightTileView.swift in Sources */,
			);
			runOnlyForDeploymentPostprocessing = 0;
		};
		E86BDF9B1C873F200054225C /* Sources */ = {
			isa = PBXSourcesBuildPhase;
			buildActionMask = 2147483647;
			files = (
				E86BDFA71C873F200054225C /* SightRateKitTests.swift in Sources */,
			);
			runOnlyForDeploymentPostprocessing = 0;
		};
/* End PBXSourcesBuildPhase section */

/* Begin PBXTargetDependency section */
		E86BDF761C873C7D0054225C /* PBXTargetDependency */ = {
			isa = PBXTargetDependency;
			target = E86BDF5F1C873C7D0054225C /* test */;
			targetProxy = E86BDF751C873C7D0054225C /* PBXContainerItemProxy */;
		};
		E86BDF811C873C7D0054225C /* PBXTargetDependency */ = {
			isa = PBXTargetDependency;
			target = E86BDF5F1C873C7D0054225C /* test */;
			targetProxy = E86BDF801C873C7D0054225C /* PBXContainerItemProxy */;
		};
		E86BDFA21C873F200054225C /* PBXTargetDependency */ = {
			isa = PBXTargetDependency;
			target = E86BDF951C873F1F0054225C /* SightRateKit */;
			targetProxy = E86BDFA11C873F200054225C /* PBXContainerItemProxy */;
		};
		E86BDFA41C873F200054225C /* PBXTargetDependency */ = {
			isa = PBXTargetDependency;
			target = E86BDF5F1C873C7D0054225C /* test */;
			targetProxy = E86BDFA31C873F200054225C /* PBXContainerItemProxy */;
		};
		E86BDFAA1C873F200054225C /* PBXTargetDependency */ = {
			isa = PBXTargetDependency;
			target = E86BDF951C873F1F0054225C /* SightRateKit */;
			targetProxy = E86BDFA91C873F200054225C /* PBXContainerItemProxy */;
		};
/* End PBXTargetDependency section */

/* Begin PBXVariantGroup section */
		E86BDF6C1C873C7D0054225C /* LaunchScreen.storyboard */ = {
			isa = PBXVariantGroup;
			children = (
				E86BDF6D1C873C7D0054225C /* Base */,
			);
			name = LaunchScreen.storyboard;
			sourceTree = "<group>";
		};
/* End PBXVariantGroup section */

/* Begin XCBuildConfiguration section */
		E86BDF861C873C7D0054225C /* Debug */ = {
			isa = XCBuildConfiguration;
			buildSettings = {
				ALWAYS_SEARCH_USER_PATHS = NO;
				CLANG_CXX_LANGUAGE_STANDARD = "gnu++0x";
				CLANG_CXX_LIBRARY = "libc++";
				CLANG_ENABLE_MODULES = YES;
				CLANG_ENABLE_OBJC_ARC = YES;
				CLANG_WARN_BOOL_CONVERSION = YES;
				CLANG_WARN_CONSTANT_CONVERSION = YES;
				CLANG_WARN_DIRECT_OBJC_ISA_USAGE = YES_ERROR;
				CLANG_WARN_EMPTY_BODY = YES;
				CLANG_WARN_ENUM_CONVERSION = YES;
				CLANG_WARN_INT_CONVERSION = YES;
				CLANG_WARN_OBJC_ROOT_CLASS = YES_ERROR;
				CLANG_WARN_UNREACHABLE_CODE = YES;
				CLANG_WARN__DUPLICATE_METHOD_MATCH = YES;
				"CODE_SIGN_IDENTITY[sdk=iphoneos*]" = "iPhone Developer";
				COPY_PHASE_STRIP = NO;
				DEBUG_INFORMATION_FORMAT = dwarf;
				ENABLE_STRICT_OBJC_MSGSEND = YES;
				ENABLE_TESTABILITY = YES;
				GCC_C_LANGUAGE_STANDARD = gnu99;
				GCC_DYNAMIC_NO_PIC = NO;
				GCC_NO_COMMON_BLOCKS = YES;
				GCC_OPTIMIZATION_LEVEL = 0;
				GCC_PREPROCESSOR_DEFINITIONS = (
					"DEBUG=1",
					"$(inherited)",
				);
				GCC_WARN_64_TO_32_BIT_CONVERSION = YES;
				GCC_WARN_ABOUT_RETURN_TYPE = YES_ERROR;
				GCC_WARN_UNDECLARED_SELECTOR = YES;
				GCC_WARN_UNINITIALIZED_AUTOS = YES_AGGRESSIVE;
				GCC_WARN_UNUSED_FUNCTION = YES;
				GCC_WARN_UNUSED_VARIABLE = YES;
				IPHONEOS_DEPLOYMENT_TARGET = 9.2;
				MTL_ENABLE_DEBUG_INFO = YES;
				ONLY_ACTIVE_ARCH = YES;
				SDKROOT = iphoneos;
				SWIFT_OPTIMIZATION_LEVEL = "-Onone";
				TARGETED_DEVICE_FAMILY = "1,2";
			};
			name = Debug;
		};
		E86BDF871C873C7D0054225C /* Release */ = {
			isa = XCBuildConfiguration;
			buildSettings = {
				ALWAYS_SEARCH_USER_PATHS = NO;
				CLANG_CXX_LANGUAGE_STANDARD = "gnu++0x";
				CLANG_CXX_LIBRARY = "libc++";
				CLANG_ENABLE_MODULES = YES;
				CLANG_ENABLE_OBJC_ARC = YES;
				CLANG_WARN_BOOL_CONVERSION = YES;
				CLANG_WARN_CONSTANT_CONVERSION = YES;
				CLANG_WARN_DIRECT_OBJC_ISA_USAGE = YES_ERROR;
				CLANG_WARN_EMPTY_BODY = YES;
				CLANG_WARN_ENUM_CONVERSION = YES;
				CLANG_WARN_INT_CONVERSION = YES;
				CLANG_WARN_OBJC_ROOT_CLASS = YES_ERROR;
				CLANG_WARN_UNREACHABLE_CODE = YES;
				CLANG_WARN__DUPLICATE_METHOD_MATCH = YES;
				"CODE_SIGN_IDENTITY[sdk=iphoneos*]" = "iPhone Developer";
				COPY_PHASE_STRIP = NO;
				DEBUG_INFORMATION_FORMAT = "dwarf-with-dsym";
				ENABLE_NS_ASSERTIONS = NO;
				ENABLE_STRICT_OBJC_MSGSEND = YES;
				GCC_C_LANGUAGE_STANDARD = gnu99;
				GCC_NO_COMMON_BLOCKS = YES;
				GCC_WARN_64_TO_32_BIT_CONVERSION = YES;
				GCC_WARN_ABOUT_RETURN_TYPE = YES_ERROR;
				GCC_WARN_UNDECLARED_SELECTOR = YES;
				GCC_WARN_UNINITIALIZED_AUTOS = YES_AGGRESSIVE;
				GCC_WARN_UNUSED_FUNCTION = YES;
				GCC_WARN_UNUSED_VARIABLE = YES;
				IPHONEOS_DEPLOYMENT_TARGET = 9.2;
				MTL_ENABLE_DEBUG_INFO = NO;
				SDKROOT = iphoneos;
				TARGETED_DEVICE_FAMILY = "1,2";
				VALIDATE_PRODUCT = YES;
			};
			name = Release;
		};
		E86BDF891C873C7D0054225C /* Debug */ = {
			isa = XCBuildConfiguration;
			buildSettings = {
				ASSETCATALOG_COMPILER_APPICON_NAME = AppIcon;
				CODE_SIGN_IDENTITY = "iPhone Developer: Stephen McIntosh (LTFC84M3CR)";
				EMBEDDED_CONTENT_CONTAINS_SWIFT = YES;
				INFOPLIST_FILE = test/Info.plist;
				LD_RUNPATH_SEARCH_PATHS = "$(inherited) @executable_path/Frameworks";
				PRODUCT_BUNDLE_IDENTIFIER = com.stephenjmcintoshau.test;
				PRODUCT_NAME = "$(TARGET_NAME)";
			};
			name = Debug;
		};
		E86BDF8A1C873C7D0054225C /* Release */ = {
			isa = XCBuildConfiguration;
			buildSettings = {
				ASSETCATALOG_COMPILER_APPICON_NAME = AppIcon;
				CODE_SIGN_IDENTITY = "";
				EMBEDDED_CONTENT_CONTAINS_SWIFT = YES;
				INFOPLIST_FILE = test/Info.plist;
				LD_RUNPATH_SEARCH_PATHS = "$(inherited) @executable_path/Frameworks";
				PRODUCT_BUNDLE_IDENTIFIER = com.stephenjmcintoshau.test;
				PRODUCT_NAME = "$(TARGET_NAME)";
			};
			name = Release;
		};
		E86BDF8C1C873C7D0054225C /* Debug */ = {
			isa = XCBuildConfiguration;
			buildSettings = {
				BUNDLE_LOADER = "$(TEST_HOST)";
				INFOPLIST_FILE = testTests/Info.plist;
				LD_RUNPATH_SEARCH_PATHS = "$(inherited) @executable_path/Frameworks @loader_path/Frameworks";
				PRODUCT_BUNDLE_IDENTIFIER = com.stephenjmcintoshau.testTests;
				PRODUCT_NAME = "$(TARGET_NAME)";
				TEST_HOST = "$(BUILT_PRODUCTS_DIR)/test.app/test";
			};
			name = Debug;
		};
		E86BDF8D1C873C7D0054225C /* Release */ = {
			isa = XCBuildConfiguration;
			buildSettings = {
				BUNDLE_LOADER = "$(TEST_HOST)";
				INFOPLIST_FILE = testTests/Info.plist;
				LD_RUNPATH_SEARCH_PATHS = "$(inherited) @executable_path/Frameworks @loader_path/Frameworks";
				PRODUCT_BUNDLE_IDENTIFIER = com.stephenjmcintoshau.testTests;
				PRODUCT_NAME = "$(TARGET_NAME)";
				TEST_HOST = "$(BUILT_PRODUCTS_DIR)/test.app/test";
			};
			name = Release;
		};
		E86BDF8F1C873C7D0054225C /* Debug */ = {
			isa = XCBuildConfiguration;
			buildSettings = {
				INFOPLIST_FILE = testUITests/Info.plist;
				LD_RUNPATH_SEARCH_PATHS = "$(inherited) @executable_path/Frameworks @loader_path/Frameworks";
				PRODUCT_BUNDLE_IDENTIFIER = com.stephenjmcintoshau.testUITests;
				PRODUCT_NAME = "$(TARGET_NAME)";
				TEST_TARGET_NAME = test;
				USES_XCTRUNNER = YES;
			};
			name = Debug;
		};
		E86BDF901C873C7D0054225C /* Release */ = {
			isa = XCBuildConfiguration;
			buildSettings = {
				INFOPLIST_FILE = testUITests/Info.plist;
				LD_RUNPATH_SEARCH_PATHS = "$(inherited) @executable_path/Frameworks @loader_path/Frameworks";
				PRODUCT_BUNDLE_IDENTIFIER = com.stephenjmcintoshau.testUITests;
				PRODUCT_NAME = "$(TARGET_NAME)";
				TEST_TARGET_NAME = test;
				USES_XCTRUNNER = YES;
			};
			name = Release;
		};
		E86BDFAE1C873F200054225C /* Debug */ = {
			isa = XCBuildConfiguration;
			buildSettings = {
				CLANG_ENABLE_MODULES = YES;
				CURRENT_PROJECT_VERSION = 1;
				DEFINES_MODULE = YES;
				DYLIB_COMPATIBILITY_VERSION = 1;
				DYLIB_CURRENT_VERSION = 1;
				DYLIB_INSTALL_NAME_BASE = "@rpath";
				INFOPLIST_FILE = SightRateKit/Info.plist;
				INSTALL_PATH = "$(LOCAL_LIBRARY_DIR)/Frameworks";
				LD_RUNPATH_SEARCH_PATHS = "$(inherited) @executable_path/Frameworks @loader_path/Frameworks";
				PRODUCT_BUNDLE_IDENTIFIER = com.stephenjmcintoshau.SightRateKit;
				PRODUCT_NAME = "$(TARGET_NAME)";
				SKIP_INSTALL = YES;
				SWIFT_OPTIMIZATION_LEVEL = "-Onone";
				VERSIONING_SYSTEM = "apple-generic";
				VERSION_INFO_PREFIX = "";
			};
			name = Debug;
		};
		E86BDFAF1C873F200054225C /* Release */ = {
			isa = XCBuildConfiguration;
			buildSettings = {
				CLANG_ENABLE_MODULES = YES;
				CURRENT_PROJECT_VERSION = 1;
				DEFINES_MODULE = YES;
				DYLIB_COMPATIBILITY_VERSION = 1;
				DYLIB_CURRENT_VERSION = 1;
				DYLIB_INSTALL_NAME_BASE = "@rpath";
				INFOPLIST_FILE = SightRateKit/Info.plist;
				INSTALL_PATH = "$(LOCAL_LIBRARY_DIR)/Frameworks";
				LD_RUNPATH_SEARCH_PATHS = "$(inherited) @executable_path/Frameworks @loader_path/Frameworks";
				PRODUCT_BUNDLE_IDENTIFIER = com.stephenjmcintoshau.SightRateKit;
				PRODUCT_NAME = "$(TARGET_NAME)";
				SKIP_INSTALL = YES;
				VERSIONING_SYSTEM = "apple-generic";
				VERSION_INFO_PREFIX = "";
			};
			name = Release;
		};
		E86BDFB21C873F200054225C /* Debug */ = {
			isa = XCBuildConfiguration;
			buildSettings = {
				INFOPLIST_FILE = SightRateKitTests/Info.plist;
				LD_RUNPATH_SEARCH_PATHS = "$(inherited) @executable_path/Frameworks @loader_path/Frameworks";
				PRODUCT_BUNDLE_IDENTIFIER = com.stephenjmcintoshau.SightRateKitTests;
				PRODUCT_NAME = "$(TARGET_NAME)";
				TEST_HOST = "$(BUILT_PRODUCTS_DIR)/test.app/test";
			};
			name = Debug;
		};
		E86BDFB31C873F200054225C /* Release */ = {
			isa = XCBuildConfiguration;
			buildSettings = {
				INFOPLIST_FILE = SightRateKitTests/Info.plist;
				LD_RUNPATH_SEARCH_PATHS = "$(inherited) @executable_path/Frameworks @loader_path/Frameworks";
				PRODUCT_BUNDLE_IDENTIFIER = com.stephenjmcintoshau.SightRateKitTests;
				PRODUCT_NAME = "$(TARGET_NAME)";
				TEST_HOST = "$(BUILT_PRODUCTS_DIR)/test.app/test";
			};
			name = Release;
		};
/* End XCBuildConfiguration section */

/* Begin XCConfigurationList section */
		E86BDF5B1C873C7D0054225C /* Build configuration list for PBXProject "test" */ = {
			isa = XCConfigurationList;
			buildConfigurations = (
				E86BDF861C873C7D0054225C /* Debug */,
				E86BDF871C873C7D0054225C /* Release */,
			);
			defaultConfigurationIsVisible = 0;
			defaultConfigurationName = Release;
		};
		E86BDF881C873C7D0054225C /* Build configuration list for PBXNativeTarget "test" */ = {
			isa = XCConfigurationList;
			buildConfigurations = (
				E86BDF891C873C7D0054225C /* Debug */,
				E86BDF8A1C873C7D0054225C /* Release */,
			);
			defaultConfigurationIsVisible = 0;
			defaultConfigurationName = Release;
		};
		E86BDF8B1C873C7D0054225C /* Build configuration list for PBXNativeTarget "testTests" */ = {
			isa = XCConfigurationList;
			buildConfigurations = (
				E86BDF8C1C873C7D0054225C /* Debug */,
				E86BDF8D1C873C7D0054225C /* Release */,
			);
			defaultConfigurationIsVisible = 0;
			defaultConfigurationName = Release;
		};
		E86BDF8E1C873C7D0054225C /* Build configuration list for PBXNativeTarget "testUITests" */ = {
			isa = XCConfigurationList;
			buildConfigurations = (
				E86BDF8F1C873C7D0054225C /* Debug */,
				E86BDF901C873C7D0054225C /* Release */,
			);
			defaultConfigurationIsVisible = 0;
			defaultConfigurationName = Release;
		};
		E86BDFAD1C873F200054225C /* Build configuration list for PBXNativeTarget "SightRateKit" */ = {
			isa = XCConfigurationList;
			buildConfigurations = (
				E86BDFAE1C873F200054225C /* Debug */,
				E86BDFAF1C873F200054225C /* Release */,
			);
			defaultConfigurationIsVisible = 0;
			defaultConfigurationName = Release;
		};
		E86BDFB11C873F200054225C /* Build configuration list for PBXNativeTarget "SightRateKitTests" */ = {
			isa = XCConfigurationList;
			buildConfigurations = (
				E86BDFB21C873F200054225C /* Debug */,
				E86BDFB31C873F200054225C /* Release */,
			);
			defaultConfigurationIsVisible = 0;
			defaultConfigurationName = Release;
		};
/* End XCConfigurationList section */
	};
	rootObject = E86BDF581C873C7D0054225C /* Project object */;
}
